
Microsoft Visual Studio Solution File, Format Version 12.00
# Visual Studio Version 16
VisualStudioVersion = 16.0.31402.337
MinimumVisualStudioVersion = 10.0.40219.1
Project("{FAE04EC0-301F-11D3-BF4B-00C04F79EFBC}") = "COMP1202_S21_Assg2_SOLO", "COMP1202_S21_Assg2_SOLO.csproj", "{380BECF5-678D-4D86-998D-5EA732123866}"
EndProject
Global
	GlobalSection(SolutionConfigurationPlatforms) = preSolution
		Debug|Any CPU = Debug|Any CPU
		Release|Any CPU = Release|Any CPU
	EndGlobalSection
	GlobalSection(ProjectConfigurationPlatforms) = postSolution
		{380BECF5-678D-4D86-998D-5EA732123866}.Debug|Any CPU.ActiveCfg = Debug|Any CPU
		{380BECF5-678D-4D86-998D-5EA732123866}.Debug|Any CPU.Build.0 = Debug|Any CPU
		{380BECF5-678D-4D86-998D-5EA732123866}.Release|Any CPU.ActiveCfg = Release|Any CPU
		{380BECF5-678D-4D86-998D-5EA732123866}.Release|Any CPU.Build.0 = Release|Any CPU
	EndGlobalSection
	GlobalSection(SolutionProperties) = preSolution
		HideSolutionNode = FALSE
	EndGlobalSection
	GlobalSection(ExtensibilityGlobals) = postSolution
		SolutionGuid = {ABE6FE75-A9B7-4903-B316-63174BBC08D7}
	EndGlobalSection
EndGlobal
